
Microsoft Visual Studio Solution File, Format Version 12.00
# Visual Studio Version 17
VisualStudioVersion = 17.0.31903.59
MinimumVisualStudioVersion = 10.0.40219.1
Project("{2150E333-8FDC-42A3-9474-1A3956D46DE8}") = "src", "src", "{827E0CD3-B72D-47B6-A68D-7590B98EB39B}"
EndProject
Project("{FAE04EC0-301F-11D3-BF4B-00C04F79EFBC}") = "MicroERP.Domain", "src\MicroERP.Domain\MicroERP.Domain.csproj", "{B852BD54-CA41-413D-88F0-2BC35BE734E7}"
EndProject
Project("{FAE04EC0-301F-11D3-BF4B-00C04F79EFBC}") = "MicroERP.Application", "src\MicroERP.Application\MicroERP.Application.csproj", "{10A86D66-C026-45BE-A7DB-CF48B586D071}"
EndProject
Project("{FAE04EC0-301F-11D3-BF4B-00C04F79EFBC}") = "MicroERP.Infrastructure", "src\MicroERP.Infrastructure\MicroERP.Infrastructure.csproj", "{A98FAC62-63F8-4B62-858A-624540AEA4A4}"
EndProject
Project("{FAE04EC0-301F-11D3-BF4B-00C04F79EFBC}") = "MicroERP.Api", "src\MicroERP.Api\MicroERP.Api.csproj", "{A3A7A007-9E6D-4AC8-8623-0EC40DC6B3B9}"
EndProject
Project("{2150E333-8FDC-42A3-9474-1A3956D46DE8}") = "tests", "tests", "{0AB3BF05-4346-4AA6-1389-037BE0695223}"
EndProject
Project("{FAE04EC0-301F-11D3-BF4B-00C04F79EFBC}") = "MicroERP.UnitTests", "tests\MicroERP.UnitTests\MicroERP.UnitTests.csproj", "{408D328B-6EAE-4C0B-AD22-303675F71EA6}"
EndProject
Project("{FAE04EC0-301F-11D3-BF4B-00C04F79EFBC}") = "MicroERP.IntegrationTests", "tests\MicroERP.IntegrationTests\MicroERP.IntegrationTests.csproj", "{DB2DE009-79EA-4C32-8F38-40F5EAC0694D}"
EndProject
Global
	GlobalSection(SolutionConfigurationPlatforms) = preSolution
		Debug|Any CPU = Debug|Any CPU
		Debug|x64 = Debug|x64
		Debug|x86 = Debug|x86
		Release|Any CPU = Release|Any CPU
		Release|x64 = Release|x64
		Release|x86 = Release|x86
	EndGlobalSection
	GlobalSection(ProjectConfigurationPlatforms) = postSolution
		{B852BD54-CA41-413D-88F0-2BC35BE734E7}.Debug|Any CPU.ActiveCfg = Debug|Any CPU
		{B852BD54-CA41-413D-88F0-2BC35BE734E7}.Debug|Any CPU.Build.0 = Debug|Any CPU
		{B852BD54-CA41-413D-88F0-2BC35BE734E7}.Debug|x64.ActiveCfg = Debug|Any CPU
		{B852BD54-CA41-413D-88F0-2BC35BE734E7}.Debug|x64.Build.0 = Debug|Any CPU
		{B852BD54-CA41-413D-88F0-2BC35BE734E7}.Debug|x86.ActiveCfg = Debug|Any CPU
		{B852BD54-CA41-413D-88F0-2BC35BE734E7}.Debug|x86.Build.0 = Debug|Any CPU
		{B852BD54-CA41-413D-88F0-2BC35BE734E7}.Release|Any CPU.ActiveCfg = Release|Any CPU
		{B852BD54-CA41-413D-88F0-2BC35BE734E7}.Release|Any CPU.Build.0 = Release|Any CPU
		{B852BD54-CA41-413D-88F0-2BC35BE734E7}.Release|x64.ActiveCfg = Release|Any CPU
		{B852BD54-CA41-413D-88F0-2BC35BE734E7}.Release|x64.Build.0 = Release|Any CPU
		{B852BD54-CA41-413D-88F0-2BC35BE734E7}.Release|x86.ActiveCfg = Release|Any CPU
		{B852BD54-CA41-413D-88F0-2BC35BE734E7}.Release|x86.Build.0 = Release|Any CPU
		{10A86D66-C026-45BE-A7DB-CF48B586D071}.Debug|Any CPU.ActiveCfg = Debug|Any CPU
		{10A86D66-C026-45BE-A7DB-CF48B586D071}.Debug|Any CPU.Build.0 = Debug|Any CPU
		{10A86D66-C026-45BE-A7DB-CF48B586D071}.Debug|x64.ActiveCfg = Debug|Any CPU
		{10A86D66-C026-45BE-A7DB-CF48B586D071}.Debug|x64.Build.0 = Debug|Any CPU
		{10A86D66-C026-45BE-A7DB-CF48B586D071}.Debug|x86.ActiveCfg = Debug|Any CPU
		{10A86D66-C026-45BE-A7DB-CF48B586D071}.Debug|x86.Build.0 = Debug|Any CPU
		{10A86D66-C026-45BE-A7DB-CF48B586D071}.Release|Any CPU.ActiveCfg = Release|Any CPU
		{10A86D66-C026-45BE-A7DB-CF48B586D071}.Release|Any CPU.Build.0 = Release|Any CPU
		{10A86D66-C026-45BE-A7DB-CF48B586D071}.Release|x64.ActiveCfg = Release|Any CPU
		{10A86D66-C026-45BE-A7DB-CF48B586D071}.Release|x64.Build.0 = Release|Any CPU
		{10A86D66-C026-45BE-A7DB-CF48B586D071}.Release|x86.ActiveCfg = Release|Any CPU
		{10A86D66-C026-45BE-A7DB-CF48B586D071}.Release|x86.Build.0 = Release|Any CPU
		{A98FAC62-63F8-4B62-858A-624540AEA4A4}.Debug|Any CPU.ActiveCfg = Debug|Any CPU
		{A98FAC62-63F8-4B62-858A-624540AEA4A4}.Debug|Any CPU.Build.0 = Debug|Any CPU
		{A98FAC62-63F8-4B62-858A-624540AEA4A4}.Debug|x64.ActiveCfg = Debug|Any CPU
		{A98FAC62-63F8-4B62-858A-624540AEA4A4}.Debug|x64.Build.0 = Debug|Any CPU
		{A98FAC62-63F8-4B62-858A-624540AEA4A4}.Debug|x86.ActiveCfg = Debug|Any CPU
		{A98FAC62-63F8-4B62-858A-624540AEA4A4}.Debug|x86.Build.0 = Debug|Any CPU
		{A98FAC62-63F8-4B62-858A-624540AEA4A4}.Release|Any CPU.ActiveCfg = Release|Any CPU
		{A98FAC62-63F8-4B62-858A-624540AEA4A4}.Release|Any CPU.Build.0 = Release|Any CPU
		{A98FAC62-63F8-4B62-858A-624540AEA4A4}.Release|x64.ActiveCfg = Release|Any CPU
		{A98FAC62-63F8-4B62-858A-624540AEA4A4}.Release|x64.Build.0 = Release|Any CPU
		{A98FAC62-63F8-4B62-858A-624540AEA4A4}.Release|x86.ActiveCfg = Release|Any CPU
		{A98FAC62-63F8-4B62-858A-624540AEA4A4}.Release|x86.Build.0 = Release|Any CPU
		{A3A7A007-9E6D-4AC8-8623-0EC40DC6B3B9}.Debug|Any CPU.ActiveCfg = Debug|Any CPU
		{A3A7A007-9E6D-4AC8-8623-0EC40DC6B3B9}.Debug|Any CPU.Build.0 = Debug|Any CPU
		{A3A7A007-9E6D-4AC8-8623-0EC40DC6B3B9}.Debug|x64.ActiveCfg = Debug|Any CPU
		{A3A7A007-9E6D-4AC8-8623-0EC40DC6B3B9}.Debug|x64.Build.0 = Debug|Any CPU
		{A3A7A007-9E6D-4AC8-8623-0EC40DC6B3B9}.Debug|x86.ActiveCfg = Debug|Any CPU
		{A3A7A007-9E6D-4AC8-8623-0EC40DC6B3B9}.Debug|x86.Build.0 = Debug|Any CPU
		{A3A7A007-9E6D-4AC8-8623-0EC40DC6B3B9}.Release|Any CPU.ActiveCfg = Release|Any CPU
		{A3A7A007-9E6D-4AC8-8623-0EC40DC6B3B9}.Release|Any CPU.Build.0 = Release|Any CPU
		{A3A7A007-9E6D-4AC8-8623-0EC40DC6B3B9}.Release|x64.ActiveCfg = Release|Any CPU
		{A3A7A007-9E6D-4AC8-8623-0EC40DC6B3B9}.Release|x64.Build.0 = Release|Any CPU
		{A3A7A007-9E6D-4AC8-8623-0EC40DC6B3B9}.Release|x86.ActiveCfg = Release|Any CPU
		{A3A7A007-9E6D-4AC8-8623-0EC40DC6B3B9}.Release|x86.Build.0 = Release|Any CPU
		{408D328B-6EAE-4C0B-AD22-303675F71EA6}.Debug|Any CPU.ActiveCfg = Debug|Any CPU
		{408D328B-6EAE-4C0B-AD22-303675F71EA6}.Debug|Any CPU.Build.0 = Debug|Any CPU
		{408D328B-6EAE-4C0B-AD22-303675F71EA6}.Debug|x64.ActiveCfg = Debug|Any CPU
		{408D328B-6EAE-4C0B-AD22-303675F71EA6}.Debug|x64.Build.0 = Debug|Any CPU
		{408D328B-6EAE-4C0B-AD22-303675F71EA6}.Debug|x86.ActiveCfg = Debug|Any CPU
		{408D328B-6EAE-4C0B-AD22-303675F71EA6}.Debug|x86.Build.0 = Debug|Any CPU
		{408D328B-6EAE-4C0B-AD22-303675F71EA6}.Release|Any CPU.ActiveCfg = Release|Any CPU
		{408D328B-6EAE-4C0B-AD22-303675F71EA6}.Release|Any CPU.Build.0 = Release|Any CPU
		{408D328B-6EAE-4C0B-AD22-303675F71EA6}.Release|x64.ActiveCfg = Release|Any CPU
		{408D328B-6EAE-4C0B-AD22-303675F71EA6}.Release|x64.Build.0 = Release|Any CPU
		{408D328B-6EAE-4C0B-AD22-303675F71EA6}.Release|x86.ActiveCfg = Release|Any CPU
		{408D328B-6EAE-4C0B-AD22-303675F71EA6}.Release|x86.Build.0 = Release|Any CPU
		{DB2DE009-79EA-4C32-8F38-40F5EAC0694D}.Debug|Any CPU.ActiveCfg = Debug|Any CPU
		{DB2DE009-79EA-4C32-8F38-40F5EAC0694D}.Debug|Any CPU.Build.0 = Debug|Any CPU
		{DB2DE009-79EA-4C32-8F38-40F5EAC0694D}.Debug|x64.ActiveCfg = Debug|Any CPU
		{DB2DE009-79EA-4C32-8F38-40F5EAC0694D}.Debug|x64.Build.0 = Debug|Any CPU
		{DB2DE009-79EA-4C32-8F38-40F5EAC0694D}.Debug|x86.ActiveCfg = Debug|Any CPU
		{DB2DE009-79EA-4C32-8F38-40F5EAC0694D}.Debug|x86.Build.0 = Debug|Any CPU
		{DB2DE009-79EA-4C32-8F38-40F5EAC0694D}.Release|Any CPU.ActiveCfg = Release|Any CPU
		{DB2DE009-79EA-4C32-8F38-40F5EAC0694D}.Release|Any CPU.Build.0 = Release|Any CPU
		{DB2DE009-79EA-4C32-8F38-40F5EAC0694D}.Release|x64.ActiveCfg = Release|Any CPU
		{DB2DE009-79EA-4C32-8F38-40F5EAC0694D}.Release|x64.Build.0 = Release|Any CPU
		{DB2DE009-79EA-4C32-8F38-40F5EAC0694D}.Release|x86.ActiveCfg = Release|Any CPU
		{DB2DE009-79EA-4C32-8F38-40F5EAC0694D}.Release|x86.Build.0 = Release|Any CPU
	EndGlobalSection
	GlobalSection(SolutionProperties) = preSolution
		HideSolutionNode = FALSE
	EndGlobalSection
	GlobalSection(NestedProjects) = preSolution
		{B852BD54-CA41-413D-88F0-2BC35BE734E7} = {827E0CD3-B72D-47B6-A68D-7590B98EB39B}
		{10A86D66-C026-45BE-A7DB-CF48B586D071} = {827E0CD3-B72D-47B6-A68D-7590B98EB39B}
		{A98FAC62-63F8-4B62-858A-624540AEA4A4} = {827E0CD3-B72D-47B6-A68D-7590B98EB39B}
		{A3A7A007-9E6D-4AC8-8623-0EC40DC6B3B9} = {827E0CD3-B72D-47B6-A68D-7590B98EB39B}
		{408D328B-6EAE-4C0B-AD22-303675F71EA6} = {0AB3BF05-4346-4AA6-1389-037BE0695223}
		{DB2DE009-79EA-4C32-8F38-40F5EAC0694D} = {0AB3BF05-4346-4AA6-1389-037BE0695223}
	EndGlobalSection
EndGlobal
